
Microsoft Visual Studio Solution File, Format Version 12.00
# Visual Studio Version 16
VisualStudioVersion = 16.0.29613.14
MinimumVisualStudioVersion = 10.0.40219.1
Project("{FAE04EC0-301F-11D3-BF4B-00C04F79EFBC}") = "WebAPIFullFrameworkUseTemplate", "WebAPIFullFrameworkUseTemplate\WebAPIFullFrameworkUseTemplate.csproj", "{2D7DE097-A610-49EE-8462-48DCD676394B}"
EndProject
Project("{FAE04EC0-301F-11D3-BF4B-00C04F79EFBC}") = "WebApiNoTemplate", "WebApiNoTemplate\WebApiNoTemplate.csproj", "{DDA5DB2A-59CB-438E-9C0A-DE92FFD0A293}"
EndProject
Project("{9A19103F-16F7-4668-BE54-9A1E7A4F7556}") = "WebApiCore", "WebApiCore\WebApiCore.csproj", "{70D2E8CF-CDD3-459C-B8DD-8D389C629C03}"
EndProject
Project("{FAE04EC0-301F-11D3-BF4B-00C04F79EFBC}") = "WcfService", "WcfService\WcfService.csproj", "{D9F3DF50-FBD0-4BA2-A321-6F737E91E741}"
EndProject
Global
	GlobalSection(SolutionConfigurationPlatforms) = preSolution
		Debug|Any CPU = Debug|Any CPU
		Release|Any CPU = Release|Any CPU
	EndGlobalSection
	GlobalSection(ProjectConfigurationPlatforms) = postSolution
		{2D7DE097-A610-49EE-8462-48DCD676394B}.Debug|Any CPU.ActiveCfg = Debug|Any CPU
		{2D7DE097-A610-49EE-8462-48DCD676394B}.Debug|Any CPU.Build.0 = Debug|Any CPU
		{2D7DE097-A610-49EE-8462-48DCD676394B}.Release|Any CPU.ActiveCfg = Release|Any CPU
		{2D7DE097-A610-49EE-8462-48DCD676394B}.Release|Any CPU.Build.0 = Release|Any CPU
		{DDA5DB2A-59CB-438E-9C0A-DE92FFD0A293}.Debug|Any CPU.ActiveCfg = Debug|Any CPU
		{DDA5DB2A-59CB-438E-9C0A-DE92FFD0A293}.Debug|Any CPU.Build.0 = Debug|Any CPU
		{DDA5DB2A-59CB-438E-9C0A-DE92FFD0A293}.Release|Any CPU.ActiveCfg = Release|Any CPU
		{DDA5DB2A-59CB-438E-9C0A-DE92FFD0A293}.Release|Any CPU.Build.0 = Release|Any CPU
		{70D2E8CF-CDD3-459C-B8DD-8D389C629C03}.Debug|Any CPU.ActiveCfg = Debug|Any CPU
		{70D2E8CF-CDD3-459C-B8DD-8D389C629C03}.Debug|Any CPU.Build.0 = Debug|Any CPU
		{70D2E8CF-CDD3-459C-B8DD-8D389C629C03}.Release|Any CPU.ActiveCfg = Release|Any CPU
		{70D2E8CF-CDD3-459C-B8DD-8D389C629C03}.Release|Any CPU.Build.0 = Release|Any CPU
		{D9F3DF50-FBD0-4BA2-A321-6F737E91E741}.Debug|Any CPU.ActiveCfg = Debug|Any CPU
		{D9F3DF50-FBD0-4BA2-A321-6F737E91E741}.Debug|Any CPU.Build.0 = Debug|Any CPU
		{D9F3DF50-FBD0-4BA2-A321-6F737E91E741}.Release|Any CPU.ActiveCfg = Release|Any CPU
		{D9F3DF50-FBD0-4BA2-A321-6F737E91E741}.Release|Any CPU.Build.0 = Release|Any CPU
	EndGlobalSection
	GlobalSection(SolutionProperties) = preSolution
		HideSolutionNode = FALSE
	EndGlobalSection
	GlobalSection(ExtensibilityGlobals) = postSolution
		SolutionGuid = {DC01D999-8D04-40FC-B36B-96FAC21196DF}
	EndGlobalSection
EndGlobal
